# THIS IS AN AUTOGENERATED FILE. DO NOT EDIT THIS FILE DIRECTLY.
# yarn lockfile v1


"@gilbarbara/deep-equal@^0.1.1":
  version "0.1.2"
  resolved "https://registry.yarnpkg.com/@gilbarbara/deep-equal/-/deep-equal-0.1.2.tgz#1a106721368dba5e7e9fb7e9a3a6f9efbd8df36d"
  integrity sha512-jk+qzItoEb0D0xSSmrKDDzf9sheQj/BAPxlgNxgmOaA3mxpUa6ndJLYGZKsJnIVEQSD8zcTbyILz7I0HcnBCRA==

"@gilbarbara/deep-equal@^0.3.1":
  version "0.3.1"
  resolved "https://registry.yarnpkg.com/@gilbarbara/deep-equal/-/deep-equal-0.3.1.tgz#9c72ed0b2e6f8edb1580217e28d78b5b03ad4aee"
  integrity sha512-I7xWjLs2YSVMc5gGx1Z3ZG1lgFpITPndpi8Ku55GeEIKpACCPQNS/OTqQbxgTCfq0Ncvcc+CrFov96itVh6Qvw==

"@improbable-eng/grpc-web@^0.15.0":
  version "0.15.0"
  resolved "https://registry.yarnpkg.com/@improbable-eng/grpc-web/-/grpc-web-0.15.0.tgz#3e47e9fdd90381a74abd4b7d26e67422a2a04bef"
  integrity sha512-ERft9/0/8CmYalqOVnJnpdDry28q+j+nAlFFARdjyxXDJ+Mhgv9+F600QC8BR9ygOfrXRlAk6CvST2j+JCpQPg==
  dependencies:
    browser-headers "^0.4.1"

browser-headers@^0.4.1:
  version "0.4.1"
  resolved "https://registry.yarnpkg.com/browser-headers/-/browser-headers-0.4.1.tgz#4308a7ad3b240f4203dbb45acedb38dc2d65dd02"
  integrity sha512-CA9hsySZVo9371qEHjHZtYxV2cFtVj5Wj/ZHi8ooEsrtm4vOnl9Y9HmyYWk9q+05d7K3rdoAE0j3MVEFVvtQtg==

deep-diff@^1.0.2:
  version "1.0.2"
  resolved "https://registry.yarnpkg.com/deep-diff/-/deep-diff-1.0.2.tgz#afd3d1f749115be965e89c63edc7abb1506b9c26"
  integrity sha512-aWS3UIVH+NPGCD1kki+DCU9Dua032iSsO43LqQpcs4R3+dVv7tX0qBGjiVHJHjplsoUM2XRO/KB92glqc68awg==

deepmerge@^4.3.1:
  version "4.3.1"
  resolved "https://registry.yarnpkg.com/deepmerge/-/deepmerge-4.3.1.tgz#44b5f2147cd3b00d4b56137685966f26fd25dd4a"
  integrity sha512-3sUqbMEc77XqpdNO7FRyRog+eW3ph+GYCbj+rK+uYyRMuwsVy0rMiVtPn+QJlKFvWP/1PYpapqYn0Me2knFn+A==

is-lite@^0.8.2:
  version "0.8.2"
  resolved "https://registry.yarnpkg.com/is-lite/-/is-lite-0.8.2.tgz#26ab98b32aae8cc8b226593b9a641d2bf4bd3b6a"
  integrity sha512-JZfH47qTsslwaAsqbMI3Q6HNNjUuq6Cmzzww50TdP5Esb6e1y2sK2UAaZZuzfAzpoI2AkxoPQapZdlDuP6Vlsw==

is-lite@^1.2.0, is-lite@^1.2.1:
  version "1.2.1"
  resolved "https://registry.yarnpkg.com/is-lite/-/is-lite-1.2.1.tgz#401f30bfccd34cb8cc1283f958907c97859d8f25"
  integrity sha512-pgF+L5bxC+10hLBgf6R2P4ZZUBOQIIacbdo8YvuCP8/JvsWxG7aZ9p10DYuLtifFci4l3VITphhMlMV4Y+urPw==

"js-tokens@^3.0.0 || ^4.0.0":
  version "4.0.0"
  resolved "https://registry.yarnpkg.com/js-tokens/-/js-tokens-4.0.0.tgz#19203fb59991df98e3a287050d4647cdeaf32499"
  integrity sha512-RdJUflcE3cUzKiMqQgsCu06FPu9UdIJO0beYbPhHN4k6apgJtifcoCtT9bcxOpYBtpD2kCM6Sbzg4CausW/PKQ==

loose-envify@^1.4.0:
  version "1.4.0"
  resolved "https://registry.yarnpkg.com/loose-envify/-/loose-envify-1.4.0.tgz#71ee51fa7be4caec1a63839f7e682d8132d30caf"
  integrity sha512-lyuxPGr/Wfhrlem2CL/UcnUc1zcqKAImBDzukY7Y5F/yQiNdko6+fRLevlw1HgMySw7f611UIY408EtxRSoK3Q==
  dependencies:
    js-tokens "^3.0.0 || ^4.0.0"

object-assign@^4.1.1:
  version "4.1.1"
  resolved "https://registry.yarnpkg.com/object-assign/-/object-assign-4.1.1.tgz#2109adc7965887cfc05cbbd442cac8bfbb360863"
  integrity sha512-rJgTQnkUnH1sFw8yT6VSU3zD3sWmu6sZhIseY8VX+GRu3P6F7Fu+JNDoXfklElbLJSnc3FUQHVe4cU5hj+BcUg==

popper.js@^1.16.0:
  version "1.16.1"
  resolved "https://registry.yarnpkg.com/popper.js/-/popper.js-1.16.1.tgz#2a223cb3dc7b6213d740e40372be40de43e65b1b"
  integrity sha512-Wb4p1J4zyFTbM+u6WuO4XstYx4Ky9Cewe4DWrel7B0w6VVICvPwdOpotjzcf6eD8TsckVnIMNONQyPIUFOUbCQ==

prop-types@^15.8.1:
  version "15.8.1"
  resolved "https://registry.yarnpkg.com/prop-types/-/prop-types-15.8.1.tgz#67d87bf1a694f48435cf332c24af10214a3140b5"
  integrity sha512-oj87CgZICdulUohogVAR7AjlC0327U4el4L6eAvOqCeudMDVU0NThNaV+b9Df4dXgSP1gXMTnPdhfe/2qDH5cg==
  dependencies:
    loose-envify "^1.4.0"
    object-assign "^4.1.1"
    react-is "^16.13.1"

react-floater@^0.7.9:
  version "0.7.9"
  resolved "https://registry.yarnpkg.com/react-floater/-/react-floater-0.7.9.tgz#b15a652e817f200bfa42a2023ee8d3105803b968"
  integrity sha512-NXqyp9o8FAXOATOEo0ZpyaQ2KPb4cmPMXGWkx377QtJkIXHlHRAGer7ai0r0C1kG5gf+KJ6Gy+gdNIiosvSicg==
  dependencies:
    deepmerge "^4.3.1"
    is-lite "^0.8.2"
    popper.js "^1.16.0"
    prop-types "^15.8.1"
    tree-changes "^0.9.1"

react-innertext@^1.1.5:
  version "1.1.5"
  resolved "https://registry.yarnpkg.com/react-innertext/-/react-innertext-1.1.5.tgz#8147ac54db3f7067d95f49e2d2c05a720d27d8d0"
  integrity sha512-PWAqdqhxhHIv80dT9znP2KvS+hfkbRovFp4zFYHFFlOoQLRiawIic81gKb3U1wEyJZgMwgs3JoLtwryASRWP3Q==

react-is@^16.13.1:
  version "16.13.1"
  resolved "https://registry.yarnpkg.com/react-is/-/react-is-16.13.1.tgz#789729a4dc36de2999dc156dd6c1d9c18cea56a4"
  integrity sha512-24e6ynE2H+OKt4kqsOvNd8kBpV65zoxbA4BVsEOB3ARVWQki/DHzaUoC5KuON/BiccDaCCTZBuOcfZs70kR8bQ==

react-joyride@^2.8.1:
  version "2.8.1"
  resolved "https://registry.yarnpkg.com/react-joyride/-/react-joyride-2.8.1.tgz#c87941885803a765dd870e1a3341bdc4a978cc80"
  integrity sha512-fVwCmoOvJsiFKKHn8mvPUYc4JUUkgAsQMvarpZDtFPTc4duj240b12+AB8+3NXlTYGZVnKNSTgFFzoSh9RxjmQ==
  dependencies:
    "@gilbarbara/deep-equal" "^0.3.1"
    deep-diff "^1.0.2"
    deepmerge "^4.3.1"
    is-lite "^1.2.1"
    react-floater "^0.7.9"
    react-innertext "^1.1.5"
    react-is "^16.13.1"
    scroll "^3.0.1"
    scrollparent "^2.1.0"
    tree-changes "^0.11.2"
    type-fest "^4.15.0"

scroll@^3.0.1:
  version "3.0.1"
  resolved "https://registry.yarnpkg.com/scroll/-/scroll-3.0.1.tgz#d5afb59fb3592ee3df31c89743e78b39e4cd8a26"
  integrity sha512-pz7y517OVls1maEzlirKO5nPYle9AXsFzTMNJrRGmT951mzpIBy7sNHOg5o/0MQd/NqliCiWnAi0kZneMPFLcg==

scrollparent@^2.1.0:
  version "2.1.0"
  resolved "https://registry.yarnpkg.com/scrollparent/-/scrollparent-2.1.0.tgz#6cae915c953835886a6ba0d77fdc2bb1ed09076d"
  integrity sha512-bnnvJL28/Rtz/kz2+4wpBjHzWoEzXhVg/TE8BeVGJHUqE8THNIRnDxDWMktwM+qahvlRdvlLdsQfYe+cuqfZeA==

tree-changes@^0.11.2:
  version "0.11.2"
  resolved "https://registry.yarnpkg.com/tree-changes/-/tree-changes-0.11.2.tgz#e02e65c4faae6230dfe357aa97a26e8eb7c7d321"
  integrity sha512-4gXlUthrl+RabZw6lLvcCDl6KfJOCmrC16BC5CRdut1EAH509Omgg0BfKLY+ViRlzrvYOTWR0FMS2SQTwzumrw==
  dependencies:
    "@gilbarbara/deep-equal" "^0.3.1"
    is-lite "^1.2.0"

tree-changes@^0.9.1:
  version "0.9.3"
  resolved "https://registry.yarnpkg.com/tree-changes/-/tree-changes-0.9.3.tgz#89433ab3b4250c2910d386be1f83912b7144efcc"
  integrity sha512-vvvS+O6kEeGRzMglTKbc19ltLWNtmNt1cpBoSYLj/iEcPVvpJasemKOlxBrmZaCtDJoF+4bwv3m01UKYi8mukQ==
  dependencies:
    "@gilbarbara/deep-equal" "^0.1.1"
    is-lite "^0.8.2"

type-fest@^4.15.0:
  version "4.18.1"
  resolved "https://registry.yarnpkg.com/type-fest/-/type-fest-4.18.1.tgz#47e8d4e493cf7ed6c643bad698d5810d72cbdf79"
  integrity sha512-qXhgeNsX15bM63h5aapNFcQid9jRF/l3ojDoDFmekDQEUufZ9U4ErVt6SjDxnHp48Ltrw616R8yNc3giJ3KvVQ==
